// !$*UTF8*$!
{
	archiveVersion = 1;
	classes = {
	};
	objectVersion = 56;
	objects = {

/* Begin PBXBuildFile section */
		F6B7AEF92B710CE2009BB136 /* Diction.swift in Sources */ = {isa = PBXBuildFile; fileRef = F6B7AEF82B710CE2009BB136 /* Diction.swift */; };
		F6E7EA592B6FEDBC00B12ADB /* DictionMasterApp.swift in Sources */ = {isa = PBXBuildFile; fileRef = F6E7EA582B6FEDBC00B12ADB /* DictionMasterApp.swift */; };
		F6E7EA5B2B6FEDBC00B12ADB /* DictionMainView.swift in Sources */ = {isa = PBXBuildFile; fileRef = F6E7EA5A2B6FEDBC00B12ADB /* DictionMainView.swift */; };
		F6E7EA5D2B6FEDBE00B12ADB /* Assets.xcassets in Resources */ = {isa = PBXBuildFile; fileRef = F6E7EA5C2B6FEDBE00B12ADB /* Assets.xcassets */; };
		F6E7EA602B6FEDBE00B12ADB /* Preview Assets.xcassets in Resources */ = {isa = PBXBuildFile; fileRef = F6E7EA5F2B6FEDBE00B12ADB /* Preview Assets.xcassets */; };
		F6E7EA622B6FEDBE00B12ADB /* Persistence.swift in Sources */ = {isa = PBXBuildFile; fileRef = F6E7EA612B6FEDBE00B12ADB /* Persistence.swift */; };
		F6E7EA652B6FEDBE00B12ADB /* DictionMaster.xcdatamodeld in Sources */ = {isa = PBXBuildFile; fileRef = F6E7EA632B6FEDBE00B12ADB /* DictionMaster.xcdatamodeld */; };
		F6E7EA6C2B6FFD4A00B12ADB /* Launch Screen.storyboard in Resources */ = {isa = PBXBuildFile; fileRef = F6E7EA6B2B6FFD4A00B12ADB /* Launch Screen.storyboard */; };
		F6E7EA712B701D3000B12ADB /* Color+Extension.swift in Sources */ = {isa = PBXBuildFile; fileRef = F6E7EA702B701D3000B12ADB /* Color+Extension.swift */; };
		F6E7EA732B70356800B12ADB /* SubscribeView.swift in Sources */ = {isa = PBXBuildFile; fileRef = F6E7EA722B70356700B12ADB /* SubscribeView.swift */; };
/* End PBXBuildFile section */

/* Begin PBXFileReference section */
		F6B7AEF82B710CE2009BB136 /* Diction.swift */ = {isa = PBXFileReference; lastKnownFileType = sourcecode.swift; path = Diction.swift; sourceTree = "<group>"; };
		F6E7EA552B6FEDBC00B12ADB /* DictionMasterBrunaPoso.app */ = {isa = PBXFileReference; explicitFileType = wrapper.application; includeInIndex = 0; path = DictionMasterBrunaPoso.app; sourceTree = BUILT_PRODUCTS_DIR; };
		F6E7EA582B6FEDBC00B12ADB /* DictionMasterApp.swift */ = {isa = PBXFileReference; lastKnownFileType = sourcecode.swift; path = DictionMasterApp.swift; sourceTree = "<group>"; };
		F6E7EA5A2B6FEDBC00B12ADB /* DictionMainView.swift */ = {isa = PBXFileReference; lastKnownFileType = sourcecode.swift; path = DictionMainView.swift; sourceTree = "<group>"; };
		F6E7EA5C2B6FEDBE00B12ADB /* Assets.xcassets */ = {isa = PBXFileReference; lastKnownFileType = folder.assetcatalog; path = Assets.xcassets; sourceTree = "<group>"; };
		F6E7EA5F2B6FEDBE00B12ADB /* Preview Assets.xcassets */ = {isa = PBXFileReference; lastKnownFileType = folder.assetcatalog; path = "Preview Assets.xcassets"; sourceTree = "<group>"; };
		F6E7EA612B6FEDBE00B12ADB /* Persistence.swift */ = {isa = PBXFileReference; lastKnownFileType = sourcecode.swift; path = Persistence.swift; sourceTree = "<group>"; };
		F6E7EA642B6FEDBE00B12ADB /* DictionMaster.xcdatamodel */ = {isa = PBXFileReference; lastKnownFileType = wrapper.xcdatamodel; path = DictionMaster.xcdatamodel; sourceTree = "<group>"; };
		F6E7EA6B2B6FFD4A00B12ADB /* Launch Screen.storyboard */ = {isa = PBXFileReference; lastKnownFileType = file.storyboard; path = "Launch Screen.storyboard"; sourceTree = "<group>"; };
		F6E7EA6D2B70009100B12ADB /* Info.plist */ = {isa = PBXFileReference; lastKnownFileType = text.plist; path = Info.plist; sourceTree = "<group>"; };
		F6E7EA702B701D3000B12ADB /* Color+Extension.swift */ = {isa = PBXFileReference; lastKnownFileType = sourcecode.swift; path = "Color+Extension.swift"; sourceTree = "<group>"; };
		F6E7EA722B70356700B12ADB /* SubscribeView.swift */ = {isa = PBXFileReference; lastKnownFileType = sourcecode.swift; path = SubscribeView.swift; sourceTree = "<group>"; };
/* End PBXFileReference section */

/* Begin PBXFrameworksBuildPhase section */
		F6E7EA522B6FEDBC00B12ADB /* Frameworks */ = {
			isa = PBXFrameworksBuildPhase;
			buildActionMask = 2147483647;
			files = (
			);
			runOnlyForDeploymentPostprocessing = 0;
		};
/* End PBXFrameworksBuildPhase section */

/* Begin PBXGroup section */
		F6B7AEF72B710CCA009BB136 /* Model */ = {
			isa = PBXGroup;
			children = (
				F6B7AEF82B710CE2009BB136 /* Diction.swift */,
			);
			path = Model;
			sourceTree = "<group>";
		};
		F6E7EA4C2B6FEDBC00B12ADB = {
			isa = PBXGroup;
			children = (
				F6E7EA572B6FEDBC00B12ADB /* DictionMaster */,
				F6E7EA562B6FEDBC00B12ADB /* Products */,
			);
			sourceTree = "<group>";
		};
		F6E7EA562B6FEDBC00B12ADB /* Products */ = {
			isa = PBXGroup;
			children = (
				F6E7EA552B6FEDBC00B12ADB /* DictionMasterBrunaPoso.app */,
			);
			name = Products;
			sourceTree = "<group>";
		};
		F6E7EA572B6FEDBC00B12ADB /* DictionMaster */ = {
			isa = PBXGroup;
			children = (
				F6B7AEF72B710CCA009BB136 /* Model */,
				F6E7EA6F2B701D1800B12ADB /* Extension */,
				F6E7EA6E2B701CFB00B12ADB /* View */,
				F6E7EA6D2B70009100B12ADB /* Info.plist */,
				F6E7EA582B6FEDBC00B12ADB /* DictionMasterApp.swift */,
				F6E7EA5C2B6FEDBE00B12ADB /* Assets.xcassets */,
				F6E7EA612B6FEDBE00B12ADB /* Persistence.swift */,
				F6E7EA632B6FEDBE00B12ADB /* DictionMaster.xcdatamodeld */,
				F6E7EA5E2B6FEDBE00B12ADB /* Preview Content */,
			);
			path = DictionMaster;
			sourceTree = "<group>";
		};
		F6E7EA5E2B6FEDBE00B12ADB /* Preview Content */ = {
			isa = PBXGroup;
			children = (
				F6E7EA5F2B6FEDBE00B12ADB /* Preview Assets.xcassets */,
			);
			path = "Preview Content";
			sourceTree = "<group>";
		};
		F6E7EA6E2B701CFB00B12ADB /* View */ = {
			isa = PBXGroup;
			children = (
				F6E7EA6B2B6FFD4A00B12ADB /* Launch Screen.storyboard */,
				F6E7EA5A2B6FEDBC00B12ADB /* DictionMainView.swift */,
				F6E7EA722B70356700B12ADB /* SubscribeView.swift */,
			);
			path = View;
			sourceTree = "<group>";
		};
		F6E7EA6F2B701D1800B12ADB /* Extension */ = {
			isa = PBXGroup;
			children = (
				F6E7EA702B701D3000B12ADB /* Color+Extension.swift */,
			);
			path = Extension;
			sourceTree = "<group>";
		};
/* End PBXGroup section */

/* Begin PBXNativeTarget section */
		F6E7EA542B6FEDBC00B12ADB /* DictionMasterBrunaPoso */ = {
			isa = PBXNativeTarget;
			buildConfigurationList = F6E7EA682B6FEDBE00B12ADB /* Build configuration list for PBXNativeTarget "DictionMasterBrunaPoso" */;
			buildPhases = (
				F6E7EA512B6FEDBC00B12ADB /* Sources */,
				F6E7EA522B6FEDBC00B12ADB /* Frameworks */,
				F6E7EA532B6FEDBC00B12ADB /* Resources */,
			);
			buildRules = (
			);
			dependencies = (
			);
			name = DictionMasterBrunaPoso;
			productName = DictionMaster;
			productReference = F6E7EA552B6FEDBC00B12ADB /* DictionMasterBrunaPoso.app */;
			productType = "com.apple.product-type.application";
		};
/* End PBXNativeTarget section */

/* Begin PBXProject section */
		F6E7EA4D2B6FEDBC00B12ADB /* Project object */ = {
			isa = PBXProject;
			attributes = {
				BuildIndependentTargetsInParallel = 1;
				LastSwiftUpdateCheck = 1510;
				LastUpgradeCheck = 1510;
				TargetAttributes = {
					F6E7EA542B6FEDBC00B12ADB = {
						CreatedOnToolsVersion = 15.1;
					};
				};
			};
			buildConfigurationList = F6E7EA502B6FEDBC00B12ADB /* Build configuration list for PBXProject "DictionMasterBrunaPoso" */;
			compatibilityVersion = "Xcode 14.0";
			developmentRegion = en;
			hasScannedForEncodings = 0;
			knownRegions = (
				en,
				Base,
			);
			mainGroup = F6E7EA4C2B6FEDBC00B12ADB;
			productRefGroup = F6E7EA562B6FEDBC00B12ADB /* Products */;
			projectDirPath = "";
			projectRoot = "";
			targets = (
				F6E7EA542B6FEDBC00B12ADB /* DictionMasterBrunaPoso */,
			);
		};
/* End PBXProject section */

/* Begin PBXResourcesBuildPhase section */
		F6E7EA532B6FEDBC00B12ADB /* Resources */ = {
			isa = PBXResourcesBuildPhase;
			buildActionMask = 2147483647;
			files = (
				F6E7EA6C2B6FFD4A00B12ADB /* Launch Screen.storyboard in Resources */,
				F6E7EA602B6FEDBE00B12ADB /* Preview Assets.xcassets in Resources */,
				F6E7EA5D2B6FEDBE00B12ADB /* Assets.xcassets in Resources */,
			);
			runOnlyForDeploymentPostprocessing = 0;
		};
/* End PBXResourcesBuildPhase section */

/* Begin PBXSourcesBuildPhase section */
		F6E7EA512B6FEDBC00B12ADB /* Sources */ = {
			isa = PBXSourcesBuildPhase;
			buildActionMask = 2147483647;
			files = (
				F6E7EA652B6FEDBE00B12ADB /* DictionMaster.xcdatamodeld in Sources */,
				F6E7EA712B701D3000B12ADB /* Color+Extension.swift in Sources */,
				F6B7AEF92B710CE2009BB136 /* Diction.swift in Sources */,
				F6E7EA622B6FEDBE00B12ADB /* Persistence.swift in Sources */,
				F6E7EA5B2B6FEDBC00B12ADB /* DictionMainView.swift in Sources */,
				F6E7EA592B6FEDBC00B12ADB /* DictionMasterApp.swift in Sources */,
				F6E7EA732B70356800B12ADB /* SubscribeView.swift in Sources */,
			);
			runOnlyForDeploymentPostprocessing = 0;
		};
/* End PBXSourcesBuildPhase section */

/* Begin XCBuildConfiguration section */
		F6E7EA662B6FEDBE00B12ADB /* Debug */ = {
			isa = XCBuildConfiguration;
			buildSettings = {
				ALWAYS_SEARCH_USER_PATHS = NO;
				ASSETCATALOG_COMPILER_GENERATE_SWIFT_ASSET_SYMBOL_EXTENSIONS = YES;
				CLANG_ANALYZER_NONNULL = YES;
				CLANG_ANALYZER_NUMBER_OBJECT_CONVERSION = YES_AGGRESSIVE;
				CLANG_CXX_LANGUAGE_STANDARD = "gnu++20";
				CLANG_ENABLE_MODULES = YES;
				CLANG_ENABLE_OBJC_ARC = YES;
				CLANG_ENABLE_OBJC_WEAK = YES;
				CLANG_WARN_BLOCK_CAPTURE_AUTORELEASING = YES;
				CLANG_WARN_BOOL_CONVERSION = YES;
				CLANG_WARN_COMMA = YES;
				CLANG_WARN_CONSTANT_CONVERSION = YES;
				CLANG_WARN_DEPRECATED_OBJC_IMPLEMENTATIONS = YES;
				CLANG_WARN_DIRECT_OBJC_ISA_USAGE = YES_ERROR;
				CLANG_WARN_DOCUMENTATION_COMMENTS = YES;
				CLANG_WARN_EMPTY_BODY = YES;
				CLANG_WARN_ENUM_CONVERSION = YES;
				CLANG_WARN_INFINITE_RECURSION = YES;
				CLANG_WARN_INT_CONVERSION = YES;
				CLANG_WARN_NON_LITERAL_NULL_CONVERSION = YES;
				CLANG_WARN_OBJC_IMPLICIT_RETAIN_SELF = YES;
				CLANG_WARN_OBJC_LITERAL_CONVERSION = YES;
				CLANG_WARN_OBJC_ROOT_CLASS = YES_ERROR;
				CLANG_WARN_QUOTED_INCLUDE_IN_FRAMEWORK_HEADER = YES;
				CLANG_WARN_RANGE_LOOP_ANALYSIS = YES;
				CLANG_WARN_STRICT_PROTOTYPES = YES;
				CLANG_WARN_SUSPICIOUS_MOVE = YES;
				CLANG_WARN_UNGUARDED_AVAILABILITY = YES_AGGRESSIVE;
				CLANG_WARN_UNREACHABLE_CODE = YES;
				CLANG_WARN__DUPLICATE_METHOD_MATCH = YES;
				COPY_PHASE_STRIP = NO;
				DEBUG_INFORMATION_FORMAT = dwarf;
				ENABLE_STRICT_OBJC_MSGSEND = YES;
				ENABLE_TESTABILITY = YES;
				ENABLE_USER_SCRIPT_SANDBOXING = YES;
				GCC_C_LANGUAGE_STANDARD = gnu17;
				GCC_DYNAMIC_NO_PIC = NO;
				GCC_NO_COMMON_BLOCKS = YES;
				GCC_OPTIMIZATION_LEVEL = 0;
				GCC_PREPROCESSOR_DEFINITIONS = (
					"DEBUG=1",
					"$(inherited)",
				);
				GCC_WARN_64_TO_32_BIT_CONVERSION = YES;
				GCC_WARN_ABOUT_RETURN_TYPE = YES_ERROR;
				GCC_WARN_UNDECLARED_SELECTOR = YES;
				GCC_WARN_UNINITIALIZED_AUTOS = YES_AGGRESSIVE;
				GCC_WARN_UNUSED_FUNCTION = YES;
				GCC_WARN_UNUSED_VARIABLE = YES;
				IPHONEOS_DEPLOYMENT_TARGET = 17.2;
				LOCALIZATION_PREFERS_STRING_CATALOGS = YES;
				MTL_ENABLE_DEBUG_INFO = INCLUDE_SOURCE;
				MTL_FAST_MATH = YES;
				ONLY_ACTIVE_ARCH = YES;
				SDKROOT = iphoneos;
				SWIFT_ACTIVE_COMPILATION_CONDITIONS = "DEBUG $(inherited)";
				SWIFT_OPTIMIZATION_LEVEL = "-Onone";
			};
			name = Debug;
		};
		F6E7EA672B6FEDBE00B12ADB /* Release */ = {
			isa = XCBuildConfiguration;
			buildSettings = {
				ALWAYS_SEARCH_USER_PATHS = NO;
				ASSETCATALOG_COMPILER_GENERATE_SWIFT_ASSET_SYMBOL_EXTENSIONS = YES;
				CLANG_ANALYZER_NONNULL = YES;
				CLANG_ANALYZER_NUMBER_OBJECT_CONVERSION = YES_AGGRESSIVE;
				CLANG_CXX_LANGUAGE_STANDARD = "gnu++20";
				CLANG_ENABLE_MODULES = YES;
				CLANG_ENABLE_OBJC_ARC = YES;
				CLANG_ENABLE_OBJC_WEAK = YES;
				CLANG_WARN_BLOCK_CAPTURE_AUTORELEASING = YES;
				CLANG_WARN_BOOL_CONVERSION = YES;
				CLANG_WARN_COMMA = YES;
				CLANG_WARN_CONSTANT_CONVERSION = YES;
				CLANG_WARN_DEPRECATED_OBJC_IMPLEMENTATIONS = YES;
				CLANG_WARN_DIRECT_OBJC_ISA_USAGE = YES_ERROR;
				CLANG_WARN_DOCUMENTATION_COMMENTS = YES;
				CLANG_WARN_EMPTY_BODY = YES;
				CLANG_WARN_ENUM_CONVERSION = YES;
				CLANG_WARN_INFINITE_RECURSION = YES;
				CLANG_WARN_INT_CONVERSION = YES;
				CLANG_WARN_NON_LITERAL_NULL_CONVERSION = YES;
				CLANG_WARN_OBJC_IMPLICIT_RETAIN_SELF = YES;
				CLANG_WARN_OBJC_LITERAL_CONVERSION = YES;
				CLANG_WARN_OBJC_ROOT_CLASS = YES_ERROR;
				CLANG_WARN_QUOTED_INCLUDE_IN_FRAMEWORK_HEADER = YES;
				CLANG_WARN_RANGE_LOOP_ANALYSIS = YES;
				CLANG_WARN_STRICT_PROTOTYPES = YES;
				CLANG_WARN_SUSPICIOUS_MOVE = YES;
				CLANG_WARN_UNGUARDED_AVAILABILITY = YES_AGGRESSIVE;
				CLANG_WARN_UNREACHABLE_CODE = YES;
				CLANG_WARN__DUPLICATE_METHOD_MATCH = YES;
				COPY_PHASE_STRIP = NO;
				DEBUG_INFORMATION_FORMAT = "dwarf-with-dsym";
				ENABLE_NS_ASSERTIONS = NO;
				ENABLE_STRICT_OBJC_MSGSEND = YES;
				ENABLE_USER_SCRIPT_SANDBOXING = YES;
				GCC_C_LANGUAGE_STANDARD = gnu17;
				GCC_NO_COMMON_BLOCKS = YES;
				GCC_WARN_64_TO_32_BIT_CONVERSION = YES;
				GCC_WARN_ABOUT_RETURN_TYPE = YES_ERROR;
				GCC_WARN_UNDECLARED_SELECTOR = YES;
				GCC_WARN_UNINITIALIZED_AUTOS = YES_AGGRESSIVE;
				GCC_WARN_UNUSED_FUNCTION = YES;
				GCC_WARN_UNUSED_VARIABLE = YES;
				IPHONEOS_DEPLOYMENT_TARGET = 17.2;
				LOCALIZATION_PREFERS_STRING_CATALOGS = YES;
				MTL_ENABLE_DEBUG_INFO = NO;
				MTL_FAST_MATH = YES;
				SDKROOT = iphoneos;
				SWIFT_COMPILATION_MODE = wholemodule;
				VALIDATE_PRODUCT = YES;
			};
			name = Release;
		};
		F6E7EA692B6FEDBE00B12ADB /* Debug */ = {
			isa = XCBuildConfiguration;
			buildSettings = {
				ASSETCATALOG_COMPILER_APPICON_NAME = AppIcon;
				ASSETCATALOG_COMPILER_GLOBAL_ACCENT_COLOR_NAME = AccentColor;
				CODE_SIGN_STYLE = Automatic;
				CURRENT_PROJECT_VERSION = 1;
				DEVELOPMENT_ASSET_PATHS = "\"DictionMaster/Preview Content\"";
				ENABLE_PREVIEWS = YES;
				GENERATE_INFOPLIST_FILE = YES;
				INFOPLIST_FILE = DictionMaster/Info.plist;
				INFOPLIST_KEY_UIApplicationSceneManifest_Generation = YES;
				INFOPLIST_KEY_UIApplicationSupportsIndirectInputEvents = YES;
				INFOPLIST_KEY_UILaunchScreen_Generation = YES;
				INFOPLIST_KEY_UILaunchStoryboardName = "Launch Screen.storyboard";
				INFOPLIST_KEY_UISupportedInterfaceOrientations_iPad = "UIInterfaceOrientationPortrait UIInterfaceOrientationPortraitUpsideDown UIInterfaceOrientationLandscapeLeft UIInterfaceOrientationLandscapeRight";
				INFOPLIST_KEY_UISupportedInterfaceOrientations_iPhone = "UIInterfaceOrientationPortrait UIInterfaceOrientationLandscapeLeft UIInterfaceOrientationLandscapeRight";
				LD_RUNPATH_SEARCH_PATHS = (
					"$(inherited)",
					"@executable_path/Frameworks",
				);
				MARKETING_VERSION = 1.0;
				PRODUCT_BUNDLE_IDENTIFIER = falou.DictionMaster;
				PRODUCT_NAME = "$(TARGET_NAME)";
				SWIFT_EMIT_LOC_STRINGS = YES;
				SWIFT_VERSION = 5.0;
				TARGETED_DEVICE_FAMILY = "1,2";
			};
			name = Debug;
		};
		F6E7EA6A2B6FEDBE00B12ADB /* Release */ = {
			isa = XCBuildConfiguration;
			buildSettings = {
				ASSETCATALOG_COMPILER_APPICON_NAME = AppIcon;
				ASSETCATALOG_COMPILER_GLOBAL_ACCENT_COLOR_NAME = AccentColor;
				CODE_SIGN_STYLE = Automatic;
				CURRENT_PROJECT_VERSION = 1;
				DEVELOPMENT_ASSET_PATHS = "\"DictionMaster/Preview Content\"";
				ENABLE_PREVIEWS = YES;
				GENERATE_INFOPLIST_FILE = YES;
				INFOPLIST_FILE = DictionMaster/Info.plist;
				INFOPLIST_KEY_UIApplicationSceneManifest_Generation = YES;
				INFOPLIST_KEY_UIApplicationSupportsIndirectInputEvents = YES;
				INFOPLIST_KEY_UILaunchScreen_Generation = YES;
				INFOPLIST_KEY_UILaunchStoryboardName = "Launch Screen.storyboard";
				INFOPLIST_KEY_UISupportedInterfaceOrientations_iPad = "UIInterfaceOrientationPortrait UIInterfaceOrientationPortraitUpsideDown UIInterfaceOrientationLandscapeLeft UIInterfaceOrientationLandscapeRight";
				INFOPLIST_KEY_UISupportedInterfaceOrientations_iPhone = "UIInterfaceOrientationPortrait UIInterfaceOrientationLandscapeLeft UIInterfaceOrientationLandscapeRight";
				LD_RUNPATH_SEARCH_PATHS = (
					"$(inherited)",
					"@executable_path/Frameworks",
				);
				MARKETING_VERSION = 1.0;
				PRODUCT_BUNDLE_IDENTIFIER = falou.DictionMaster;
				PRODUCT_NAME = "$(TARGET_NAME)";
				SWIFT_EMIT_LOC_STRINGS = YES;
				SWIFT_VERSION = 5.0;
				TARGETED_DEVICE_FAMILY = "1,2";
			};
			name = Release;
		};
/* End XCBuildConfiguration section */

/* Begin XCConfigurationList section */
		F6E7EA502B6FEDBC00B12ADB /* Build configuration list for PBXProject "DictionMasterBrunaPoso" */ = {
			isa = XCConfigurationList;
			buildConfigurations = (
				F6E7EA662B6FEDBE00B12ADB /* Debug */,
				F6E7EA672B6FEDBE00B12ADB /* Release */,
			);
			defaultConfigurationIsVisible = 0;
			defaultConfigurationName = Release;
		};
		F6E7EA682B6FEDBE00B12ADB /* Build configuration list for PBXNativeTarget "DictionMasterBrunaPoso" */ = {
			isa = XCConfigurationList;
			buildConfigurations = (
				F6E7EA692B6FEDBE00B12ADB /* Debug */,
				F6E7EA6A2B6FEDBE00B12ADB /* Release */,
			);
			defaultConfigurationIsVisible = 0;
			defaultConfigurationName = Release;
		};
/* End XCConfigurationList section */

/* Begin XCVersionGroup section */
		F6E7EA632B6FEDBE00B12ADB /* DictionMaster.xcdatamodeld */ = {
			isa = XCVersionGroup;
			children = (
				F6E7EA642B6FEDBE00B12ADB /* DictionMaster.xcdatamodel */,
			);
			currentVersion = F6E7EA642B6FEDBE00B12ADB /* DictionMaster.xcdatamodel */;
			path = DictionMaster.xcdatamodeld;
			sourceTree = "<group>";
			versionGroupType = wrapper.xcdatamodel;
		};
/* End XCVersionGroup section */
	};
	rootObject = F6E7EA4D2B6FEDBC00B12ADB /* Project object */;
}
